
Microsoft Visual Studio Solution File, Format Version 12.00
# Visual Studio Version 16
VisualStudioVersion = 16.0.30717.126
MinimumVisualStudioVersion = 10.0.40219.1
Project("{9A19103F-16F7-4668-BE54-9A1E7A4F7556}") = "app-di-core", "app-di-core\app-di-core.csproj", "{904912A1-C2CA-4E68-9D2E-A64601018E76}"
EndProject
Project("{FAE04EC0-301F-11D3-BF4B-00C04F79EFBC}") = "app-di-core-tests", "app-di-core-tests\app-di-core-tests.csproj", "{2B053F85-03D7-4B4B-BA10-1C01DEEB5147}"
EndProject
Global
	GlobalSection(SolutionConfigurationPlatforms) = preSolution
		Debug|Any CPU = Debug|Any CPU
		Release|Any CPU = Release|Any CPU
	EndGlobalSection
	GlobalSection(ProjectConfigurationPlatforms) = postSolution
		{904912A1-C2CA-4E68-9D2E-A64601018E76}.Debug|Any CPU.ActiveCfg = Debug|Any CPU
		{904912A1-C2CA-4E68-9D2E-A64601018E76}.Debug|Any CPU.Build.0 = Debug|Any CPU
		{904912A1-C2CA-4E68-9D2E-A64601018E76}.Release|Any CPU.ActiveCfg = Release|Any CPU
		{904912A1-C2CA-4E68-9D2E-A64601018E76}.Release|Any CPU.Build.0 = Release|Any CPU
		{2B053F85-03D7-4B4B-BA10-1C01DEEB5147}.Debug|Any CPU.ActiveCfg = Debug|Any CPU
		{2B053F85-03D7-4B4B-BA10-1C01DEEB5147}.Debug|Any CPU.Build.0 = Debug|Any CPU
		{2B053F85-03D7-4B4B-BA10-1C01DEEB5147}.Release|Any CPU.ActiveCfg = Release|Any CPU
		{2B053F85-03D7-4B4B-BA10-1C01DEEB5147}.Release|Any CPU.Build.0 = Release|Any CPU
	EndGlobalSection
	GlobalSection(SolutionProperties) = preSolution
		HideSolutionNode = FALSE
	EndGlobalSection
	GlobalSection(ExtensibilityGlobals) = postSolution
		SolutionGuid = {02B1E703-B733-4478-B609-73B196B2DD48}
	EndGlobalSection
EndGlobal
